
Microsoft Visual Studio Solution File, Format Version 12.00
# Visual Studio 2015
Project("{FAE04EC0-301F-11D3-BF4B-00C04F79EFBC}") = "Planet.CSharp.Plugins", "Planet.CSharp.Plugins.csproj", "{2C5990F4-A1AD-D264-D94C-9F35755503F2}"
EndProject
Project("{FAE04EC0-301F-11D3-BF4B-00C04F79EFBC}") = "Planet.CSharp", "Planet.CSharp.csproj", "{E8423E9C-3911-2672-3137-89A7BAC6554B}"
EndProject
Project("{FAE04EC0-301F-11D3-BF4B-00C04F79EFBC}") = "Planet.CSharp.Editor", "Planet.CSharp.Editor.csproj", "{0E612ACC-7955-8F05-2008-F092CBBA95B6}"
EndProject
Global
	GlobalSection(SolutionConfigurationPlatforms) = preSolution
		Debug|Any CPU = Debug|Any CPU
		Release|Any CPU = Release|Any CPU
	EndGlobalSection
	GlobalSection(ProjectConfigurationPlatforms) = postSolution
		{2C5990F4-A1AD-D264-D94C-9F35755503F2}.Debug|Any CPU.ActiveCfg = Debug|Any CPU
		{2C5990F4-A1AD-D264-D94C-9F35755503F2}.Debug|Any CPU.Build.0 = Debug|Any CPU
		{2C5990F4-A1AD-D264-D94C-9F35755503F2}.Release|Any CPU.ActiveCfg = Release|Any CPU
		{2C5990F4-A1AD-D264-D94C-9F35755503F2}.Release|Any CPU.Build.0 = Release|Any CPU
		{E8423E9C-3911-2672-3137-89A7BAC6554B}.Debug|Any CPU.ActiveCfg = Debug|Any CPU
		{E8423E9C-3911-2672-3137-89A7BAC6554B}.Debug|Any CPU.Build.0 = Debug|Any CPU
		{E8423E9C-3911-2672-3137-89A7BAC6554B}.Release|Any CPU.ActiveCfg = Release|Any CPU
		{E8423E9C-3911-2672-3137-89A7BAC6554B}.Release|Any CPU.Build.0 = Release|Any CPU
		{0E612ACC-7955-8F05-2008-F092CBBA95B6}.Debug|Any CPU.ActiveCfg = Debug|Any CPU
		{0E612ACC-7955-8F05-2008-F092CBBA95B6}.Debug|Any CPU.Build.0 = Debug|Any CPU
		{0E612ACC-7955-8F05-2008-F092CBBA95B6}.Release|Any CPU.ActiveCfg = Release|Any CPU
		{0E612ACC-7955-8F05-2008-F092CBBA95B6}.Release|Any CPU.Build.0 = Release|Any CPU
	EndGlobalSection
	GlobalSection(SolutionProperties) = preSolution
		HideSolutionNode = FALSE
	EndGlobalSection
EndGlobal
